Microsoft Visual Studio Solution File, Format Version 12.00
# Visual Studio Version 17
VisualStudioVersion = 17.0.31903.59
MinimumVisualStudioVersion = 10.0.40219.1
Project("{FAE04EC0-301F-11D3-BF4B-00C04F79EFBC}") = "DataAccessLayer", "DataAccessLayer\DataAccessLayer.csproj", "{9B4B50EA-A756-4C65-AF9C-4D45A9F4297F}"
EndProject
Project("{FAE04EC0-301F-11D3-BF4B-00C04F79EFBC}") = "BusinessLayer", "BusinessLayer\BusinessLayer.csproj", "{58C3CDFB-58CF-498B-9F12-428C55CCB646}"
EndProject
Project("{FAE04EC0-301F-11D3-BF4B-00C04F79EFBC}") = "PresentationLayer", "PresentationLayer\PresentationLayer.csproj", "{92526F35-0B10-4377-9C10-6F9260D416AA}"
EndProject
Global
	GlobalSection(SolutionConfigurationPlatforms) = preSolution
		Debug|Any CPU = Debug|Any CPU
		Debug|x64 = Debug|x64
		Debug|x86 = Debug|x86
		Release|Any CPU = Release|Any CPU
		Release|x64 = Release|x64
		Release|x86 = Release|x86
	EndGlobalSection
	GlobalSection(ProjectConfigurationPlatforms) = postSolution
		{9B4B50EA-A756-4C65-AF9C-4D45A9F4297F}.Debug|Any CPU.ActiveCfg = Debug|Any CPU
		{9B4B50EA-A756-4C65-AF9C-4D45A9F4297F}.Debug|Any CPU.Build.0 = Debug|Any CPU
		{9B4B50EA-A756-4C65-AF9C-4D45A9F4297F}.Debug|x64.ActiveCfg = Debug|Any CPU
		{9B4B50EA-A756-4C65-AF9C-4D45A9F4297F}.Debug|x64.Build.0 = Debug|Any CPU
		{9B4B50EA-A756-4C65-AF9C-4D45A9F4297F}.Debug|x86.ActiveCfg = Debug|Any CPU
		{9B4B50EA-A756-4C65-AF9C-4D45A9F4297F}.Debug|x86.Build.0 = Debug|Any CPU
		{9B4B50EA-A756-4C65-AF9C-4D45A9F4297F}.Release|Any CPU.ActiveCfg = Release|Any CPU
		{9B4B50EA-A756-4C65-AF9C-4D45A9F4297F}.Release|Any CPU.Build.0 = Release|Any CPU
		{9B4B50EA-A756-4C65-AF9C-4D45A9F4297F}.Release|x64.ActiveCfg = Release|Any CPU
		{9B4B50EA-A756-4C65-AF9C-4D45A9F4297F}.Release|x64.Build.0 = Release|Any CPU
		{9B4B50EA-A756-4C65-AF9C-4D45A9F4297F}.Release|x86.ActiveCfg = Release|Any CPU
		{9B4B50EA-A756-4C65-AF9C-4D45A9F4297F}.Release|x86.Build.0 = Release|Any CPU
		{58C3CDFB-58CF-498B-9F12-428C55CCB646}.Debug|Any CPU.ActiveCfg = Debug|Any CPU
		{58C3CDFB-58CF-498B-9F12-428C55CCB646}.Debug|Any CPU.Build.0 = Debug|Any CPU
		{58C3CDFB-58CF-498B-9F12-428C55CCB646}.Debug|x64.ActiveCfg = Debug|Any CPU
		{58C3CDFB-58CF-498B-9F12-428C55CCB646}.Debug|x64.Build.0 = Debug|Any CPU
		{58C3CDFB-58CF-498B-9F12-428C55CCB646}.Debug|x86.ActiveCfg = Debug|Any CPU
		{58C3CDFB-58CF-498B-9F12-428C55CCB646}.Debug|x86.Build.0 = Debug|Any CPU
		{58C3CDFB-58CF-498B-9F12-428C55CCB646}.Release|Any CPU.ActiveCfg = Release|Any CPU
		{58C3CDFB-58CF-498B-9F12-428C55CCB646}.Release|Any CPU.Build.0 = Release|Any CPU
		{58C3CDFB-58CF-498B-9F12-428C55CCB646}.Release|x64.ActiveCfg = Release|Any CPU
		{58C3CDFB-58CF-498B-9F12-428C55CCB646}.Release|x64.Build.0 = Release|Any CPU
		{58C3CDFB-58CF-498B-9F12-428C55CCB646}.Release|x86.ActiveCfg = Release|Any CPU
		{58C3CDFB-58CF-498B-9F12-428C55CCB646}.Release|x86.Build.0 = Release|Any CPU
		{92526F35-0B10-4377-9C10-6F9260D416AA}.Debug|Any CPU.ActiveCfg = Debug|Any CPU
		{92526F35-0B10-4377-9C10-6F9260D416AA}.Debug|Any CPU.Build.0 = Debug|Any CPU
		{92526F35-0B10-4377-9C10-6F9260D416AA}.Debug|x64.ActiveCfg = Debug|Any CPU
		{92526F35-0B10-4377-9C10-6F9260D416AA}.Debug|x64.Build.0 = Debug|Any CPU
		{92526F35-0B10-4377-9C10-6F9260D416AA}.Debug|x86.ActiveCfg = Debug|Any CPU
		{92526F35-0B10-4377-9C10-6F9260D416AA}.Debug|x86.Build.0 = Debug|Any CPU
		{92526F35-0B10-4377-9C10-6F9260D416AA}.Release|Any CPU.ActiveCfg = Release|Any CPU
		{92526F35-0B10-4377-9C10-6F9260D416AA}.Release|Any CPU.Build.0 = Release|Any CPU
		{92526F35-0B10-4377-9C10-6F9260D416AA}.Release|x64.ActiveCfg = Release|Any CPU
		{92526F35-0B10-4377-9C10-6F9260D416AA}.Release|x64.Build.0 = Release|Any CPU
		{92526F35-0B10-4377-9C10-6F9260D416AA}.Release|x86.ActiveCfg = Release|Any CPU
		{92526F35-0B10-4377-9C10-6F9260D416AA}.Release|x86.Build.0 = Release|Any CPU
	EndGlobalSection
	GlobalSection(SolutionProperties) = preSolution
		HideSolutionNode = FALSE
	EndGlobalSection
EndGlobal
